{
  "pins" : [
    {
      "identity" : "codablejson",
      "kind" : "remoteSourceControl",
      "location" : "https://github.com/guykogus/CodableJSON.git",
      "state" : {
        "revision" : "38e20396043c711b060c1542ea6d1b357c58f849",
        "version" : "3.0.1"
      }
    }
  ],
  "version" : 2
}
